// !$*UTF8*$!
{
	archiveVersion = 1;
	classes = {
	};
	objectVersion = 55;
	objects = {

/* Begin PBXBuildFile section */
		703794A8278D452100B4AF8A /* SplashViewController.swift in Sources */ = {isa = PBXBuildFile; fileRef = 703794A6278D452100B4AF8A /* SplashViewController.swift */; };
		703794A9278D452100B4AF8A /* SplashViewController.xib in Resources */ = {isa = PBXBuildFile; fileRef = 703794A7278D452100B4AF8A /* SplashViewController.xib */; };
		703794AB278D459600B4AF8A /* CustomModel.swift in Sources */ = {isa = PBXBuildFile; fileRef = 703794AA278D459600B4AF8A /* CustomModel.swift */; };
		703794AD278D472A00B4AF8A /* APIService.swift in Sources */ = {isa = PBXBuildFile; fileRef = 703794AC278D472A00B4AF8A /* APIService.swift */; };
		703794AF278D4C4100B4AF8A /* BaseVC.swift in Sources */ = {isa = PBXBuildFile; fileRef = 703794AE278D4C4100B4AF8A /* BaseVC.swift */; };
		703794B6278D51C600B4AF8A /* CoreData.swift in Sources */ = {isa = PBXBuildFile; fileRef = 703794B5278D51C600B4AF8A /* CoreData.swift */; };
		70651997278824C200489194 /* AppDelegate.swift in Sources */ = {isa = PBXBuildFile; fileRef = 70651996278824C200489194 /* AppDelegate.swift */; };
		70651999278824C200489194 /* SceneDelegate.swift in Sources */ = {isa = PBXBuildFile; fileRef = 70651998278824C200489194 /* SceneDelegate.swift */; };
		706519A0278824C300489194 /* Assets.xcassets in Resources */ = {isa = PBXBuildFile; fileRef = 7065199F278824C300489194 /* Assets.xcassets */; };
		706519A3278824C300489194 /* LaunchScreen.storyboard in Resources */ = {isa = PBXBuildFile; fileRef = 706519A1278824C300489194 /* LaunchScreen.storyboard */; };
		706519AE278824C300489194 /* MyDotaTests.swift in Sources */ = {isa = PBXBuildFile; fileRef = 706519AD278824C300489194 /* MyDotaTests.swift */; };
		706519B8278824C300489194 /* MyDotaUITests.swift in Sources */ = {isa = PBXBuildFile; fileRef = 706519B7278824C300489194 /* MyDotaUITests.swift */; };
		706519BA278824C300489194 /* MyDotaUITestsLaunchTests.swift in Sources */ = {isa = PBXBuildFile; fileRef = 706519B9278824C300489194 /* MyDotaUITestsLaunchTests.swift */; };
		706519CA2788282200489194 /* AppColors.swift in Sources */ = {isa = PBXBuildFile; fileRef = 706519C92788282200489194 /* AppColors.swift */; };
		706519D52788293100489194 /* ViewController.swift in Sources */ = {isa = PBXBuildFile; fileRef = 706519D32788293100489194 /* ViewController.swift */; };
		706519D62788293100489194 /* ViewController.xib in Resources */ = {isa = PBXBuildFile; fileRef = 706519D42788293100489194 /* ViewController.xib */; };
		706519DB27882C0E00489194 /* ButtonRolesTVCell.swift in Sources */ = {isa = PBXBuildFile; fileRef = 706519D927882C0E00489194 /* ButtonRolesTVCell.swift */; };
		706519DC27882C0E00489194 /* ButtonRolesTVCell.xib in Resources */ = {isa = PBXBuildFile; fileRef = 706519DA27882C0E00489194 /* ButtonRolesTVCell.xib */; };
		706519E12788310D00489194 /* ModelHome.swift in Sources */ = {isa = PBXBuildFile; fileRef = 706519E02788310D00489194 /* ModelHome.swift */; };
		706519E32788324100489194 /* LocalData.swift in Sources */ = {isa = PBXBuildFile; fileRef = 706519E22788324100489194 /* LocalData.swift */; };
		706519E827885E8700489194 /* HeroCVCell.swift in Sources */ = {isa = PBXBuildFile; fileRef = 706519E627885E8700489194 /* HeroCVCell.swift */; };
		706519E927885E8700489194 /* HeroCVCell.xib in Resources */ = {isa = PBXBuildFile; fileRef = 706519E727885E8700489194 /* HeroCVCell.xib */; };
		706519F12788659A00489194 /* HeroDetailViewController.swift in Sources */ = {isa = PBXBuildFile; fileRef = 706519EF2788659A00489194 /* HeroDetailViewController.swift */; };
		706519F22788659A00489194 /* HeroDetailViewController.xib in Resources */ = {isa = PBXBuildFile; fileRef = 706519F02788659A00489194 /* HeroDetailViewController.xib */; };
		706519F42788825E00489194 /* ModelDetailHero.swift in Sources */ = {isa = PBXBuildFile; fileRef = 706519F32788825E00489194 /* ModelDetailHero.swift */; };
		706519F82788924500489194 /* AltButtonRolesTVCell.swift in Sources */ = {isa = PBXBuildFile; fileRef = 706519F62788924500489194 /* AltButtonRolesTVCell.swift */; };
		706519F92788924500489194 /* AltButtonRolesTVCell.xib in Resources */ = {isa = PBXBuildFile; fileRef = 706519F72788924500489194 /* AltButtonRolesTVCell.xib */; };
		7066094A278D76CB00DEE0C4 /* HeroesEntities.swift in Sources */ = {isa = PBXBuildFile; fileRef = 70660949278D76CB00DEE0C4 /* HeroesEntities.swift */; };
		7066094C278D788400DEE0C4 /* DatabaseHandler.swift in Sources */ = {isa = PBXBuildFile; fileRef = 7066094B278D788400DEE0C4 /* DatabaseHandler.swift */; };
		707189A2278C481D00707E9D /* AppUtilities.swift in Sources */ = {isa = PBXBuildFile; fileRef = 707189A1278C481D00707E9D /* AppUtilities.swift */; };
		7082DD45278934E500EE7455 /* BaseRequest.swift in Sources */ = {isa = PBXBuildFile; fileRef = 7082DD44278934E500EE7455 /* BaseRequest.swift */; };
		7082DD492789385200EE7455 /* APIConstant.swift in Sources */ = {isa = PBXBuildFile; fileRef = 7082DD482789385200EE7455 /* APIConstant.swift */; };
		70F96D70278D9EC100AB836E /* MyDota.xcdatamodeld in Sources */ = {isa = PBXBuildFile; fileRef = 70F96D6E278D9EC100AB836E /* MyDota.xcdatamodeld */; };
		70F96D75278D9F8300AB836E /* HeroesEntity+CoreDataClass.swift in Sources */ = {isa = PBXBuildFile; fileRef = 70F96D71278D9F8300AB836E /* HeroesEntity+CoreDataClass.swift */; };
		70F96D76278D9F8300AB836E /* HeroesEntity+CoreDataProperties.swift in Sources */ = {isa = PBXBuildFile; fileRef = 70F96D72278D9F8300AB836E /* HeroesEntity+CoreDataProperties.swift */; };
		70F96D77278D9F8300AB836E /* RoleEntity+CoreDataClass.swift in Sources */ = {isa = PBXBuildFile; fileRef = 70F96D73278D9F8300AB836E /* RoleEntity+CoreDataClass.swift */; };
		70F96D78278D9F8300AB836E /* RoleEntity+CoreDataProperties.swift in Sources */ = {isa = PBXBuildFile; fileRef = 70F96D74278D9F8300AB836E /* RoleEntity+CoreDataProperties.swift */; };
/* End PBXBuildFile section */

/* Begin PBXContainerItemProxy section */
		706519AA278824C300489194 /* PBXContainerItemProxy */ = {
			isa = PBXContainerItemProxy;
			containerPortal = 7065198B278824C100489194 /* Project object */;
			proxyType = 1;
			remoteGlobalIDString = 70651992278824C200489194;
			remoteInfo = MyDota;
		};
		706519B4278824C300489194 /* PBXContainerItemProxy */ = {
			isa = PBXContainerItemProxy;
			containerPortal = 7065198B278824C100489194 /* Project object */;
			proxyType = 1;
			remoteGlobalIDString = 70651992278824C200489194;
			remoteInfo = MyDota;
		};
/* End PBXContainerItemProxy section */

/* Begin PBXFileReference section */
		703794A6278D452100B4AF8A /* SplashViewController.swift */ = {isa = PBXFileReference; lastKnownFileType = sourcecode.swift; path = SplashViewController.swift; sourceTree = "<group>"; };
		703794A7278D452100B4AF8A /* SplashViewController.xib */ = {isa = PBXFileReference; lastKnownFileType = file.xib; path = SplashViewController.xib; sourceTree = "<group>"; };
		703794AA278D459600B4AF8A /* CustomModel.swift */ = {isa = PBXFileReference; lastKnownFileType = sourcecode.swift; path = CustomModel.swift; sourceTree = "<group>"; };
		703794AC278D472A00B4AF8A /* APIService.swift */ = {isa = PBXFileReference; lastKnownFileType = sourcecode.swift; path = APIService.swift; sourceTree = "<group>"; };
		703794AE278D4C4100B4AF8A /* BaseVC.swift */ = {isa = PBXFileReference; lastKnownFileType = sourcecode.swift; path = BaseVC.swift; sourceTree = "<group>"; };
		703794B5278D51C600B4AF8A /* CoreData.swift */ = {isa = PBXFileReference; lastKnownFileType = sourcecode.swift; path = CoreData.swift; sourceTree = "<group>"; };
		70651993278824C200489194 /* MyDota.app */ = {isa = PBXFileReference; explicitFileType = wrapper.application; includeInIndex = 0; path = MyDota.app; sourceTree = BUILT_PRODUCTS_DIR; };
		70651996278824C200489194 /* AppDelegate.swift */ = {isa = PBXFileReference; lastKnownFileType = sourcecode.swift; path = AppDelegate.swift; sourceTree = "<group>"; };
		70651998278824C200489194 /* SceneDelegate.swift */ = {isa = PBXFileReference; lastKnownFileType = sourcecode.swift; path = SceneDelegate.swift; sourceTree = "<group>"; };
		7065199F278824C300489194 /* Assets.xcassets */ = {isa = PBXFileReference; lastKnownFileType = folder.assetcatalog; path = Assets.xcassets; sourceTree = "<group>"; };
		706519A2278824C300489194 /* Base */ = {isa = PBXFileReference; lastKnownFileType = file.storyboard; name = Base; path = Base.lproj/LaunchScreen.storyboard; sourceTree = "<group>"; };
		706519A4278824C300489194 /* Info.plist */ = {isa = PBXFileReference; lastKnownFileType = text.plist.xml; path = Info.plist; sourceTree = "<group>"; };
		706519A9278824C300489194 /* MyDotaTests.xctest */ = {isa = PBXFileReference; explicitFileType = wrapper.cfbundle; includeInIndex = 0; path = MyDotaTests.xctest; sourceTree = BUILT_PRODUCTS_DIR; };
		706519AD278824C300489194 /* MyDotaTests.swift */ = {isa = PBXFileReference; lastKnownFileType = sourcecode.swift; path = MyDotaTests.swift; sourceTree = "<group>"; };
		706519B3278824C300489194 /* MyDotaUITests.xctest */ = {isa = PBXFileReference; explicitFileType = wrapper.cfbundle; includeInIndex = 0; path = MyDotaUITests.xctest; sourceTree = BUILT_PRODUCTS_DIR; };
		706519B7278824C300489194 /* MyDotaUITests.swift */ = {isa = PBXFileReference; lastKnownFileType = sourcecode.swift; path = MyDotaUITests.swift; sourceTree = "<group>"; };
		706519B9278824C300489194 /* MyDotaUITestsLaunchTests.swift */ = {isa = PBXFileReference; lastKnownFileType = sourcecode.swift; path = MyDotaUITestsLaunchTests.swift; sourceTree = "<group>"; };
		706519C92788282200489194 /* AppColors.swift */ = {isa = PBXFileReference; lastKnownFileType = sourcecode.swift; path = AppColors.swift; sourceTree = "<group>"; };
		706519D32788293100489194 /* ViewController.swift */ = {isa = PBXFileReference; lastKnownFileType = sourcecode.swift; path = ViewController.swift; sourceTree = "<group>"; };
		706519D42788293100489194 /* ViewController.xib */ = {isa = PBXFileReference; lastKnownFileType = file.xib; path = ViewController.xib; sourceTree = "<group>"; };
		706519D927882C0E00489194 /* ButtonRolesTVCell.swift */ = {isa = PBXFileReference; lastKnownFileType = sourcecode.swift; path = ButtonRolesTVCell.swift; sourceTree = "<group>"; };
		706519DA27882C0E00489194 /* ButtonRolesTVCell.xib */ = {isa = PBXFileReference; lastKnownFileType = file.xib; path = ButtonRolesTVCell.xib; sourceTree = "<group>"; };
		706519E02788310D00489194 /* ModelHome.swift */ = {isa = PBXFileReference; lastKnownFileType = sourcecode.swift; path = ModelHome.swift; sourceTree = "<group>"; };
		706519E22788324100489194 /* LocalData.swift */ = {isa = PBXFileReference; lastKnownFileType = sourcecode.swift; path = LocalData.swift; sourceTree = "<group>"; };
		706519E627885E8700489194 /* HeroCVCell.swift */ = {isa = PBXFileReference; lastKnownFileType = sourcecode.swift; path = HeroCVCell.swift; sourceTree = "<group>"; };
		706519E727885E8700489194 /* HeroCVCell.xib */ = {isa = PBXFileReference; lastKnownFileType = file.xib; path = HeroCVCell.xib; sourceTree = "<group>"; };
		706519EF2788659A00489194 /* HeroDetailViewController.swift */ = {isa = PBXFileReference; lastKnownFileType = sourcecode.swift; path = HeroDetailViewController.swift; sourceTree = "<group>"; };
		706519F02788659A00489194 /* HeroDetailViewController.xib */ = {isa = PBXFileReference; lastKnownFileType = file.xib; path = HeroDetailViewController.xib; sourceTree = "<group>"; };
		706519F32788825E00489194 /* ModelDetailHero.swift */ = {isa = PBXFileReference; lastKnownFileType = sourcecode.swift; path = ModelDetailHero.swift; sourceTree = "<group>"; };
		706519F62788924500489194 /* AltButtonRolesTVCell.swift */ = {isa = PBXFileReference; lastKnownFileType = sourcecode.swift; path = AltButtonRolesTVCell.swift; sourceTree = "<group>"; };
		706519F72788924500489194 /* AltButtonRolesTVCell.xib */ = {isa = PBXFileReference; lastKnownFileType = file.xib; path = AltButtonRolesTVCell.xib; sourceTree = "<group>"; };
		70660949278D76CB00DEE0C4 /* HeroesEntities.swift */ = {isa = PBXFileReference; lastKnownFileType = sourcecode.swift; path = HeroesEntities.swift; sourceTree = "<group>"; };
		7066094B278D788400DEE0C4 /* DatabaseHandler.swift */ = {isa = PBXFileReference; lastKnownFileType = sourcecode.swift; path = DatabaseHandler.swift; sourceTree = "<group>"; };
		707189A1278C481D00707E9D /* AppUtilities.swift */ = {isa = PBXFileReference; lastKnownFileType = sourcecode.swift; path = AppUtilities.swift; sourceTree = "<group>"; };
		7082DD44278934E500EE7455 /* BaseRequest.swift */ = {isa = PBXFileReference; lastKnownFileType = sourcecode.swift; path = BaseRequest.swift; sourceTree = "<group>"; };
		7082DD482789385200EE7455 /* APIConstant.swift */ = {isa = PBXFileReference; lastKnownFileType = sourcecode.swift; path = APIConstant.swift; sourceTree = "<group>"; };
		70F96D6F278D9EC100AB836E /* MyDota.xcdatamodel */ = {isa = PBXFileReference; lastKnownFileType = wrapper.xcdatamodel; path = MyDota.xcdatamodel; sourceTree = "<group>"; };
		70F96D71278D9F8300AB836E /* HeroesEntity+CoreDataClass.swift */ = {isa = PBXFileReference; lastKnownFileType = sourcecode.swift; path = "HeroesEntity+CoreDataClass.swift"; sourceTree = "<group>"; };
		70F96D72278D9F8300AB836E /* HeroesEntity+CoreDataProperties.swift */ = {isa = PBXFileReference; lastKnownFileType = sourcecode.swift; path = "HeroesEntity+CoreDataProperties.swift"; sourceTree = "<group>"; };
		70F96D73278D9F8300AB836E /* RoleEntity+CoreDataClass.swift */ = {isa = PBXFileReference; lastKnownFileType = sourcecode.swift; path = "RoleEntity+CoreDataClass.swift"; sourceTree = "<group>"; };
		70F96D74278D9F8300AB836E /* RoleEntity+CoreDataProperties.swift */ = {isa = PBXFileReference; lastKnownFileType = sourcecode.swift; path = "RoleEntity+CoreDataProperties.swift"; sourceTree = "<group>"; };
/* End PBXFileReference section */

/* Begin PBXFrameworksBuildPhase section */
		70651990278824C200489194 /* Frameworks */ = {
			isa = PBXFrameworksBuildPhase;
			buildActionMask = 2147483647;
			files = (
			);
			runOnlyForDeploymentPostprocessing = 0;
		};
		706519A6278824C300489194 /* Frameworks */ = {
			isa = PBXFrameworksBuildPhase;
			buildActionMask = 2147483647;
			files = (
			);
			runOnlyForDeploymentPostprocessing = 0;
		};
		706519B0278824C300489194 /* Frameworks */ = {
			isa = PBXFrameworksBuildPhase;
			buildActionMask = 2147483647;
			files = (
			);
			runOnlyForDeploymentPostprocessing = 0;
		};
/* End PBXFrameworksBuildPhase section */

/* Begin PBXGroup section */
		703794A2278D44F600B4AF8A /* Splash */ = {
			isa = PBXGroup;
			children = (
				703794A5278D450D00B4AF8A /* Controller */,
				703794A4278D450900B4AF8A /* View */,
				703794A3278D450400B4AF8A /* Model */,
			);
			path = Splash;
			sourceTree = "<group>";
		};
		703794A3278D450400B4AF8A /* Model */ = {
			isa = PBXGroup;
			children = (
				703794AA278D459600B4AF8A /* CustomModel.swift */,
			);
			path = Model;
			sourceTree = "<group>";
		};
		703794A4278D450900B4AF8A /* View */ = {
			isa = PBXGroup;
			children = (
				703794A7278D452100B4AF8A /* SplashViewController.xib */,
			);
			path = View;
			sourceTree = "<group>";
		};
		703794A5278D450D00B4AF8A /* Controller */ = {
			isa = PBXGroup;
			children = (
				703794A6278D452100B4AF8A /* SplashViewController.swift */,
			);
			path = Controller;
			sourceTree = "<group>";
		};
		703794B0278D4DAD00B4AF8A /* PersitenceStorage */ = {
			isa = PBXGroup;
			children = (
				703794B1278D4DEE00B4AF8A /* CoreData */,
			);
			path = PersitenceStorage;
			sourceTree = "<group>";
		};
		703794B1278D4DEE00B4AF8A /* CoreData */ = {
			isa = PBXGroup;
			children = (
				70FDE802278E79F30064E720 /* Entities */,
				70F96D6E278D9EC100AB836E /* MyDota.xcdatamodeld */,
				703794B5278D51C600B4AF8A /* CoreData.swift */,
				70660949278D76CB00DEE0C4 /* HeroesEntities.swift */,
				7066094B278D788400DEE0C4 /* DatabaseHandler.swift */,
			);
			path = CoreData;
			sourceTree = "<group>";
		};
		703974D0278A0C2D006EDAC7 /* Service */ = {
			isa = PBXGroup;
			children = (
				7082DD44278934E500EE7455 /* BaseRequest.swift */,
				703794AC278D472A00B4AF8A /* APIService.swift */,
			);
			path = Service;
			sourceTree = "<group>";
		};
		7065198A278824C100489194 = {
			isa = PBXGroup;
			children = (
				70651995278824C200489194 /* MyDota */,
				706519AC278824C300489194 /* MyDotaTests */,
				706519B6278824C300489194 /* MyDotaUITests */,
				70651994278824C200489194 /* Products */,
			);
			sourceTree = "<group>";
		};
		70651994278824C200489194 /* Products */ = {
			isa = PBXGroup;
			children = (
				70651993278824C200489194 /* MyDota.app */,
				706519A9278824C300489194 /* MyDotaTests.xctest */,
				706519B3278824C300489194 /* MyDotaUITests.xctest */,
			);
			name = Products;
			sourceTree = "<group>";
		};
		70651995278824C200489194 /* MyDota */ = {
			isa = PBXGroup;
			children = (
				706519C7278827E400489194 /* Features */,
				706519CC2788289100489194 /* Data */,
				7082DD43278934C200EE7455 /* Base */,
				706519CB2788287000489194 /* Resources */,
				706519C8278827FA00489194 /* Utilities */,
				706519C6278827DC00489194 /* Application */,
				706519A1278824C300489194 /* LaunchScreen.storyboard */,
				706519A4278824C300489194 /* Info.plist */,
			);
			path = MyDota;
			sourceTree = "<group>";
		};
		706519AC278824C300489194 /* MyDotaTests */ = {
			isa = PBXGroup;
			children = (
				706519AD278824C300489194 /* MyDotaTests.swift */,
			);
			path = MyDotaTests;
			sourceTree = "<group>";
		};
		706519B6278824C300489194 /* MyDotaUITests */ = {
			isa = PBXGroup;
			children = (
				706519B7278824C300489194 /* MyDotaUITests.swift */,
				706519B9278824C300489194 /* MyDotaUITestsLaunchTests.swift */,
			);
			path = MyDotaUITests;
			sourceTree = "<group>";
		};
		706519C6278827DC00489194 /* Application */ = {
			isa = PBXGroup;
			children = (
				70651996278824C200489194 /* AppDelegate.swift */,
				70651998278824C200489194 /* SceneDelegate.swift */,
			);
			path = Application;
			sourceTree = "<group>";
		};
		706519C7278827E400489194 /* Features */ = {
			isa = PBXGroup;
			children = (
				703794A2278D44F600B4AF8A /* Splash */,
				706519CD278828F000489194 /* Home */,
				706519EA2788635400489194 /* Hero Detail */,
			);
			path = Features;
			sourceTree = "<group>";
		};
		706519C8278827FA00489194 /* Utilities */ = {
			isa = PBXGroup;
			children = (
				706519C92788282200489194 /* AppColors.swift */,
				707189A1278C481D00707E9D /* AppUtilities.swift */,
			);
			path = Utilities;
			sourceTree = "<group>";
		};
		706519CB2788287000489194 /* Resources */ = {
			isa = PBXGroup;
			children = (
				7065199F278824C300489194 /* Assets.xcassets */,
			);
			path = Resources;
			sourceTree = "<group>";
		};
		706519CC2788289100489194 /* Data */ = {
			isa = PBXGroup;
			children = (
				703794B0278D4DAD00B4AF8A /* PersitenceStorage */,
				7082DD462789381D00EE7455 /* Network */,
				706519E22788324100489194 /* LocalData.swift */,
				706519F32788825E00489194 /* ModelDetailHero.swift */,
			);
			path = Data;
			sourceTree = "<group>";
		};
		706519CD278828F000489194 /* Home */ = {
			isa = PBXGroup;
			children = (
				706519D02788290300489194 /* Controller */,
				706519CF278828FE00489194 /* View */,
				706519CE278828F700489194 /* Model */,
			);
			path = Home;
			sourceTree = "<group>";
		};
		706519CE278828F700489194 /* Model */ = {
			isa = PBXGroup;
			children = (
				706519E02788310D00489194 /* ModelHome.swift */,
			);
			path = Model;
			sourceTree = "<group>";
		};
		706519CF278828FE00489194 /* View */ = {
			isa = PBXGroup;
			children = (
				706519D42788293100489194 /* ViewController.xib */,
				706519D827882BD000489194 /* Cell */,
			);
			path = View;
			sourceTree = "<group>";
		};
		706519D02788290300489194 /* Controller */ = {
			isa = PBXGroup;
			children = (
				706519D32788293100489194 /* ViewController.swift */,
				706519D727882BC500489194 /* Cell */,
			);
			path = Controller;
			sourceTree = "<group>";
		};
		706519D727882BC500489194 /* Cell */ = {
			isa = PBXGroup;
			children = (
				706519F62788924500489194 /* AltButtonRolesTVCell.swift */,
				706519D927882C0E00489194 /* ButtonRolesTVCell.swift */,
				706519E627885E8700489194 /* HeroCVCell.swift */,
			);
			path = Cell;
			sourceTree = "<group>";
		};
		706519D827882BD000489194 /* Cell */ = {
			isa = PBXGroup;
			children = (
				706519F72788924500489194 /* AltButtonRolesTVCell.xib */,
				706519DA27882C0E00489194 /* ButtonRolesTVCell.xib */,
				706519E727885E8700489194 /* HeroCVCell.xib */,
			);
			path = Cell;
			sourceTree = "<group>";
		};
		706519EA2788635400489194 /* Hero Detail */ = {
			isa = PBXGroup;
			children = (
				706519EE2788637C00489194 /* Controller */,
				706519ED2788637700489194 /* View */,
				706519EB2788636C00489194 /* Model */,
			);
			path = "Hero Detail";
			sourceTree = "<group>";
		};
		706519EB2788636C00489194 /* Model */ = {
			isa = PBXGroup;
			children = (
			);
			path = Model;
			sourceTree = "<group>";
		};
		706519ED2788637700489194 /* View */ = {
			isa = PBXGroup;
			children = (
				706519F02788659A00489194 /* HeroDetailViewController.xib */,
			);
			path = View;
			sourceTree = "<group>";
		};
		706519EE2788637C00489194 /* Controller */ = {
			isa = PBXGroup;
			children = (
				706519EF2788659A00489194 /* HeroDetailViewController.swift */,
			);
			path = Controller;
			sourceTree = "<group>";
		};
		7082DD43278934C200EE7455 /* Base */ = {
			isa = PBXGroup;
			children = (
				703794AE278D4C4100B4AF8A /* BaseVC.swift */,
			);
			path = Base;
			sourceTree = "<group>";
		};
		7082DD462789381D00EE7455 /* Network */ = {
			isa = PBXGroup;
			children = (
				703974D0278A0C2D006EDAC7 /* Service */,
				7082DD472789383600EE7455 /* Constant */,
			);
			path = Network;
			sourceTree = "<group>";
		};
		7082DD472789383600EE7455 /* Constant */ = {
			isa = PBXGroup;
			children = (
				7082DD482789385200EE7455 /* APIConstant.swift */,
			);
			path = Constant;
			sourceTree = "<group>";
		};
		70FDE802278E79F30064E720 /* Entities */ = {
			isa = PBXGroup;
			children = (
				70F96D71278D9F8300AB836E /* HeroesEntity+CoreDataClass.swift */,
				70F96D72278D9F8300AB836E /* HeroesEntity+CoreDataProperties.swift */,
				70F96D73278D9F8300AB836E /* RoleEntity+CoreDataClass.swift */,
				70F96D74278D9F8300AB836E /* RoleEntity+CoreDataProperties.swift */,
			);
			path = Entities;
			sourceTree = "<group>";
		};
/* End PBXGroup section */

/* Begin PBXNativeTarget section */
		70651992278824C200489194 /* MyDota */ = {
			isa = PBXNativeTarget;
			buildConfigurationList = 706519BD278824C300489194 /* Build configuration list for PBXNativeTarget "MyDota" */;
			buildPhases = (
				7065198F278824C200489194 /* Sources */,
				70651990278824C200489194 /* Frameworks */,
				70651991278824C200489194 /* Resources */,
			);
			buildRules = (
			);
			dependencies = (
			);
			name = MyDota;
			productName = MyDota;
			productReference = 70651993278824C200489194 /* MyDota.app */;
			productType = "com.apple.product-type.application";
		};
		706519A8278824C300489194 /* MyDotaTests */ = {
			isa = PBXNativeTarget;
			buildConfigurationList = 706519C0278824C300489194 /* Build configuration list for PBXNativeTarget "MyDotaTests" */;
			buildPhases = (
				706519A5278824C300489194 /* Sources */,
				706519A6278824C300489194 /* Frameworks */,
				706519A7278824C300489194 /* Resources */,
			);
			buildRules = (
			);
			dependencies = (
				706519AB278824C300489194 /* PBXTargetDependency */,
			);
			name = MyDotaTests;
			productName = MyDotaTests;
			productReference = 706519A9278824C300489194 /* MyDotaTests.xctest */;
			productType = "com.apple.product-type.bundle.unit-test";
		};
		706519B2278824C300489194 /* MyDotaUITests */ = {
			isa = PBXNativeTarget;
			buildConfigurationList = 706519C3278824C300489194 /* Build configuration list for PBXNativeTarget "MyDotaUITests" */;
			buildPhases = (
				706519AF278824C300489194 /* Sources */,
				706519B0278824C300489194 /* Frameworks */,
				706519B1278824C300489194 /* Resources */,
			);
			buildRules = (
			);
			dependencies = (
				706519B5278824C300489194 /* PBXTargetDependency */,
			);
			name = MyDotaUITests;
			productName = MyDotaUITests;
			productReference = 706519B3278824C300489194 /* MyDotaUITests.xctest */;
			productType = "com.apple.product-type.bundle.ui-testing";
		};
/* End PBXNativeTarget section */

/* Begin PBXProject section */
		7065198B278824C100489194 /* Project object */ = {
			isa = PBXProject;
			attributes = {
				BuildIndependentTargetsInParallel = 1;
				LastSwiftUpdateCheck = 1320;
				LastUpgradeCheck = 1320;
				TargetAttributes = {
					70651992278824C200489194 = {
						CreatedOnToolsVersion = 13.2.1;
					};
					706519A8278824C300489194 = {
						CreatedOnToolsVersion = 13.2.1;
						TestTargetID = 70651992278824C200489194;
					};
					706519B2278824C300489194 = {
						CreatedOnToolsVersion = 13.2.1;
						TestTargetID = 70651992278824C200489194;
					};
				};
			};
			buildConfigurationList = 7065198E278824C100489194 /* Build configuration list for PBXProject "MyDota" */;
			compatibilityVersion = "Xcode 13.0";
			developmentRegion = en;
			hasScannedForEncodings = 0;
			knownRegions = (
				en,
				Base,
			);
			mainGroup = 7065198A278824C100489194;
			productRefGroup = 70651994278824C200489194 /* Products */;
			projectDirPath = "";
			projectRoot = "";
			targets = (
				70651992278824C200489194 /* MyDota */,
				706519A8278824C300489194 /* MyDotaTests */,
				706519B2278824C300489194 /* MyDotaUITests */,
			);
		};
/* End PBXProject section */

/* Begin PBXResourcesBuildPhase section */
		70651991278824C200489194 /* Resources */ = {
			isa = PBXResourcesBuildPhase;
			buildActionMask = 2147483647;
			files = (
				706519E927885E8700489194 /* HeroCVCell.xib in Resources */,
				706519A3278824C300489194 /* LaunchScreen.storyboard in Resources */,
				706519F92788924500489194 /* AltButtonRolesTVCell.xib in Resources */,
				703794A9278D452100B4AF8A /* SplashViewController.xib in Resources */,
				706519DC27882C0E00489194 /* ButtonRolesTVCell.xib in Resources */,
				706519F22788659A00489194 /* HeroDetailViewController.xib in Resources */,
				706519D62788293100489194 /* ViewController.xib in Resources */,
				706519A0278824C300489194 /* Assets.xcassets in Resources */,
			);
			runOnlyForDeploymentPostprocessing = 0;
		};
		706519A7278824C300489194 /* Resources */ = {
			isa = PBXResourcesBuildPhase;
			buildActionMask = 2147483647;
			files = (
			);
			runOnlyForDeploymentPostprocessing = 0;
		};
		706519B1278824C300489194 /* Resources */ = {
			isa = PBXResourcesBuildPhase;
			buildActionMask = 2147483647;
			files = (
			);
			runOnlyForDeploymentPostprocessing = 0;
		};
/* End PBXResourcesBuildPhase section */

/* Begin PBXSourcesBuildPhase section */
		7065198F278824C200489194 /* Sources */ = {
			isa = PBXSourcesBuildPhase;
			buildActionMask = 2147483647;
			files = (
				703794AD278D472A00B4AF8A /* APIService.swift in Sources */,
				706519F42788825E00489194 /* ModelDetailHero.swift in Sources */,
				706519DB27882C0E00489194 /* ButtonRolesTVCell.swift in Sources */,
				703794B6278D51C600B4AF8A /* CoreData.swift in Sources */,
				706519F12788659A00489194 /* HeroDetailViewController.swift in Sources */,
				706519CA2788282200489194 /* AppColors.swift in Sources */,
				7082DD45278934E500EE7455 /* BaseRequest.swift in Sources */,
				70651997278824C200489194 /* AppDelegate.swift in Sources */,
				707189A2278C481D00707E9D /* AppUtilities.swift in Sources */,
				7066094A278D76CB00DEE0C4 /* HeroesEntities.swift in Sources */,
				706519D52788293100489194 /* ViewController.swift in Sources */,
				703794AB278D459600B4AF8A /* CustomModel.swift in Sources */,
				706519E12788310D00489194 /* ModelHome.swift in Sources */,
				703794A8278D452100B4AF8A /* SplashViewController.swift in Sources */,
				7066094C278D788400DEE0C4 /* DatabaseHandler.swift in Sources */,
				70F96D70278D9EC100AB836E /* MyDota.xcdatamodeld in Sources */,
				70F96D75278D9F8300AB836E /* HeroesEntity+CoreDataClass.swift in Sources */,
				70651999278824C200489194 /* SceneDelegate.swift in Sources */,
				703794AF278D4C4100B4AF8A /* BaseVC.swift in Sources */,
				706519F82788924500489194 /* AltButtonRolesTVCell.swift in Sources */,
				706519E32788324100489194 /* LocalData.swift in Sources */,
				7082DD492789385200EE7455 /* APIConstant.swift in Sources */,
				70F96D76278D9F8300AB836E /* HeroesEntity+CoreDataProperties.swift in Sources */,
				70F96D77278D9F8300AB836E /* RoleEntity+CoreDataClass.swift in Sources */,
				70F96D78278D9F8300AB836E /* RoleEntity+CoreDataProperties.swift in Sources */,
				706519E827885E8700489194 /* HeroCVCell.swift in Sources */,
			);
			runOnlyForDeploymentPostprocessing = 0;
		};
		706519A5278824C300489194 /* Sources */ = {
			isa = PBXSourcesBuildPhase;
			buildActionMask = 2147483647;
			files = (
				706519AE278824C300489194 /* MyDotaTests.swift in Sources */,
			);
			runOnlyForDeploymentPostprocessing = 0;
		};
		706519AF278824C300489194 /* Sources */ = {
			isa = PBXSourcesBuildPhase;
			buildActionMask = 2147483647;
			files = (
				706519BA278824C300489194 /* MyDotaUITestsLaunchTests.swift in Sources */,
				706519B8278824C300489194 /* MyDotaUITests.swift in Sources */,
			);
			runOnlyForDeploymentPostprocessing = 0;
		};
/* End PBXSourcesBuildPhase section */

/* Begin PBXTargetDependency section */
		706519AB278824C300489194 /* PBXTargetDependency */ = {
			isa = PBXTargetDependency;
			target = 70651992278824C200489194 /* MyDota */;
			targetProxy = 706519AA278824C300489194 /* PBXContainerItemProxy */;
		};
		706519B5278824C300489194 /* PBXTargetDependency */ = {
			isa = PBXTargetDependency;
			target = 70651992278824C200489194 /* MyDota */;
			targetProxy = 706519B4278824C300489194 /* PBXContainerItemProxy */;
		};
/* End PBXTargetDependency section */

/* Begin PBXVariantGroup section */
		706519A1278824C300489194 /* LaunchScreen.storyboard */ = {
			isa = PBXVariantGroup;
			children = (
				706519A2278824C300489194 /* Base */,
			);
			name = LaunchScreen.storyboard;
			sourceTree = "<group>";
		};
/* End PBXVariantGroup section */

/* Begin XCBuildConfiguration section */
		706519BB278824C300489194 /* Debug */ = {
			isa = XCBuildConfiguration;
			buildSettings = {
				ALWAYS_SEARCH_USER_PATHS = NO;
				CLANG_ANALYZER_NONNULL = YES;
				CLANG_ANALYZER_NUMBER_OBJECT_CONVERSION = YES_AGGRESSIVE;
				CLANG_CXX_LANGUAGE_STANDARD = "gnu++17";
				CLANG_CXX_LIBRARY = "libc++";
				CLANG_ENABLE_MODULES = YES;
				CLANG_ENABLE_OBJC_ARC = YES;
				CLANG_ENABLE_OBJC_WEAK = YES;
				CLANG_WARN_BLOCK_CAPTURE_AUTORELEASING = YES;
				CLANG_WARN_BOOL_CONVERSION = YES;
				CLANG_WARN_COMMA = YES;
				CLANG_WARN_CONSTANT_CONVERSION = YES;
				CLANG_WARN_DEPRECATED_OBJC_IMPLEMENTATIONS = YES;
				CLANG_WARN_DIRECT_OBJC_ISA_USAGE = YES_ERROR;
				CLANG_WARN_DOCUMENTATION_COMMENTS = YES;
				CLANG_WARN_EMPTY_BODY = YES;
				CLANG_WARN_ENUM_CONVERSION = YES;
				CLANG_WARN_INFINITE_RECURSION = YES;
				CLANG_WARN_INT_CONVERSION = YES;
				CLANG_WARN_NON_LITERAL_NULL_CONVERSION = YES;
				CLANG_WARN_OBJC_IMPLICIT_RETAIN_SELF = YES;
				CLANG_WARN_OBJC_LITERAL_CONVERSION = YES;
				CLANG_WARN_OBJC_ROOT_CLASS = YES_ERROR;
				CLANG_WARN_QUOTED_INCLUDE_IN_FRAMEWORK_HEADER = YES;
				CLANG_WARN_RANGE_LOOP_ANALYSIS = YES;
				CLANG_WARN_STRICT_PROTOTYPES = YES;
				CLANG_WARN_SUSPICIOUS_MOVE = YES;
				CLANG_WARN_UNGUARDED_AVAILABILITY = YES_AGGRESSIVE;
				CLANG_WARN_UNREACHABLE_CODE = YES;
				CLANG_WARN__DUPLICATE_METHOD_MATCH = YES;
				COPY_PHASE_STRIP = NO;
				DEBUG_INFORMATION_FORMAT = dwarf;
				ENABLE_STRICT_OBJC_MSGSEND = YES;
				ENABLE_TESTABILITY = YES;
				GCC_C_LANGUAGE_STANDARD = gnu11;
				GCC_DYNAMIC_NO_PIC = NO;
				GCC_NO_COMMON_BLOCKS = YES;
				GCC_OPTIMIZATION_LEVEL = 0;
				GCC_PREPROCESSOR_DEFINITIONS = (
					"DEBUG=1",
					"$(inherited)",
				);
				GCC_WARN_64_TO_32_BIT_CONVERSION = YES;
				GCC_WARN_ABOUT_RETURN_TYPE = YES_ERROR;
				GCC_WARN_UNDECLARED_SELECTOR = YES;
				GCC_WARN_UNINITIALIZED_AUTOS = YES_AGGRESSIVE;
				GCC_WARN_UNUSED_FUNCTION = YES;
				GCC_WARN_UNUSED_VARIABLE = YES;
				IPHONEOS_DEPLOYMENT_TARGET = 15.2;
				MTL_ENABLE_DEBUG_INFO = INCLUDE_SOURCE;
				MTL_FAST_MATH = YES;
				ONLY_ACTIVE_ARCH = YES;
				SDKROOT = iphoneos;
				SWIFT_ACTIVE_COMPILATION_CONDITIONS = DEBUG;
				SWIFT_OPTIMIZATION_LEVEL = "-Onone";
			};
			name = Debug;
		};
		706519BC278824C300489194 /* Release */ = {
			isa = XCBuildConfiguration;
			buildSettings = {
				ALWAYS_SEARCH_USER_PATHS = NO;
				CLANG_ANALYZER_NONNULL = YES;
				CLANG_ANALYZER_NUMBER_OBJECT_CONVERSION = YES_AGGRESSIVE;
				CLANG_CXX_LANGUAGE_STANDARD = "gnu++17";
				CLANG_CXX_LIBRARY = "libc++";
				CLANG_ENABLE_MODULES = YES;
				CLANG_ENABLE_OBJC_ARC = YES;
				CLANG_ENABLE_OBJC_WEAK = YES;
				CLANG_WARN_BLOCK_CAPTURE_AUTORELEASING = YES;
				CLANG_WARN_BOOL_CONVERSION = YES;
				CLANG_WARN_COMMA = YES;
				CLANG_WARN_CONSTANT_CONVERSION = YES;
				CLANG_WARN_DEPRECATED_OBJC_IMPLEMENTATIONS = YES;
				CLANG_WARN_DIRECT_OBJC_ISA_USAGE = YES_ERROR;
				CLANG_WARN_DOCUMENTATION_COMMENTS = YES;
				CLANG_WARN_EMPTY_BODY = YES;
				CLANG_WARN_ENUM_CONVERSION = YES;
				CLANG_WARN_INFINITE_RECURSION = YES;
				CLANG_WARN_INT_CONVERSION = YES;
				CLANG_WARN_NON_LITERAL_NULL_CONVERSION = YES;
				CLANG_WARN_OBJC_IMPLICIT_RETAIN_SELF = YES;
				CLANG_WARN_OBJC_LITERAL_CONVERSION = YES;
				CLANG_WARN_OBJC_ROOT_CLASS = YES_ERROR;
				CLANG_WARN_QUOTED_INCLUDE_IN_FRAMEWORK_HEADER = YES;
				CLANG_WARN_RANGE_LOOP_ANALYSIS = YES;
				CLANG_WARN_STRICT_PROTOTYPES = YES;
				CLANG_WARN_SUSPICIOUS_MOVE = YES;
				CLANG_WARN_UNGUARDED_AVAILABILITY = YES_AGGRESSIVE;
				CLANG_WARN_UNREACHABLE_CODE = YES;
				CLANG_WARN__DUPLICATE_METHOD_MATCH = YES;
				COPY_PHASE_STRIP = NO;
				DEBUG_INFORMATION_FORMAT = "dwarf-with-dsym";
				ENABLE_NS_ASSERTIONS = NO;
				ENABLE_STRICT_OBJC_MSGSEND = YES;
				GCC_C_LANGUAGE_STANDARD = gnu11;
				GCC_NO_COMMON_BLOCKS = YES;
				GCC_WARN_64_TO_32_BIT_CONVERSION = YES;
				GCC_WARN_ABOUT_RETURN_TYPE = YES_ERROR;
				GCC_WARN_UNDECLARED_SELECTOR = YES;
				GCC_WARN_UNINITIALIZED_AUTOS = YES_AGGRESSIVE;
				GCC_WARN_UNUSED_FUNCTION = YES;
				GCC_WARN_UNUSED_VARIABLE = YES;
				IPHONEOS_DEPLOYMENT_TARGET = 15.2;
				MTL_ENABLE_DEBUG_INFO = NO;
				MTL_FAST_MATH = YES;
				SDKROOT = iphoneos;
				SWIFT_COMPILATION_MODE = wholemodule;
				SWIFT_OPTIMIZATION_LEVEL = "-O";
				VALIDATE_PRODUCT = YES;
			};
			name = Release;
		};
		706519BE278824C300489194 /* Debug */ = {
			isa = XCBuildConfiguration;
			buildSettings = {
				ASSETCATALOG_COMPILER_APPICON_NAME = AppIcon;
				ASSETCATALOG_COMPILER_GLOBAL_ACCENT_COLOR_NAME = AccentColor;
				CODE_SIGN_STYLE = Automatic;
				CURRENT_PROJECT_VERSION = 1;
				DEVELOPMENT_TEAM = W6NYRRRG5Q;
				GENERATE_INFOPLIST_FILE = YES;
				INFOPLIST_FILE = MyDota/Info.plist;
				INFOPLIST_KEY_UIApplicationSupportsIndirectInputEvents = YES;
				INFOPLIST_KEY_UILaunchStoryboardName = LaunchScreen;
				INFOPLIST_KEY_UISupportedInterfaceOrientations = "UIInterfaceOrientationLandscapeRight UIInterfaceOrientationLandscapeLeft";
				INFOPLIST_KEY_UISupportedInterfaceOrientations_iPad = "UIInterfaceOrientationPortrait UIInterfaceOrientationPortraitUpsideDown UIInterfaceOrientationLandscapeLeft UIInterfaceOrientationLandscapeRight";
				INFOPLIST_KEY_UISupportedInterfaceOrientations_iPhone = "UIInterfaceOrientationPortrait UIInterfaceOrientationLandscapeLeft UIInterfaceOrientationLandscapeRight";
				IPHONEOS_DEPLOYMENT_TARGET = 15.2;
				LD_RUNPATH_SEARCH_PATHS = (
					"$(inherited)",
					"@executable_path/Frameworks",
				);
				MARKETING_VERSION = 1.0;
				PRODUCT_BUNDLE_IDENTIFIER = com.dhikadityre.MyDota;
				PRODUCT_NAME = "$(TARGET_NAME)";
				SWIFT_EMIT_LOC_STRINGS = YES;
				SWIFT_VERSION = 5.0;
				TARGETED_DEVICE_FAMILY = 1;
			};
			name = Debug;
		};
		706519BF278824C300489194 /* Release */ = {
			isa = XCBuildConfiguration;
			buildSettings = {
				ASSETCATALOG_COMPILER_APPICON_NAME = AppIcon;
				ASSETCATALOG_COMPILER_GLOBAL_ACCENT_COLOR_NAME = AccentColor;
				CODE_SIGN_STYLE = Automatic;
				CURRENT_PROJECT_VERSION = 1;
				DEVELOPMENT_TEAM = W6NYRRRG5Q;
				GENERATE_INFOPLIST_FILE = YES;
				INFOPLIST_FILE = MyDota/Info.plist;
				INFOPLIST_KEY_UIApplicationSupportsIndirectInputEvents = YES;
				INFOPLIST_KEY_UILaunchStoryboardName = LaunchScreen;
				INFOPLIST_KEY_UISupportedInterfaceOrientations = "UIInterfaceOrientationLandscapeRight UIInterfaceOrientationLandscapeLeft";
				INFOPLIST_KEY_UISupportedInterfaceOrientations_iPad = "UIInterfaceOrientationPortrait UIInterfaceOrientationPortraitUpsideDown UIInterfaceOrientationLandscapeLeft UIInterfaceOrientationLandscapeRight";
				INFOPLIST_KEY_UISupportedInterfaceOrientations_iPhone = "UIInterfaceOrientationPortrait UIInterfaceOrientationLandscapeLeft UIInterfaceOrientationLandscapeRight";
				IPHONEOS_DEPLOYMENT_TARGET = 15.2;
				LD_RUNPATH_SEARCH_PATHS = (
					"$(inherited)",
					"@executable_path/Frameworks",
				);
				MARKETING_VERSION = 1.0;
				PRODUCT_BUNDLE_IDENTIFIER = com.dhikadityre.MyDota;
				PRODUCT_NAME = "$(TARGET_NAME)";
				SWIFT_EMIT_LOC_STRINGS = YES;
				SWIFT_VERSION = 5.0;
				TARGETED_DEVICE_FAMILY = 1;
			};
			name = Release;
		};
		706519C1278824C300489194 /* Debug */ = {
			isa = XCBuildConfiguration;
			buildSettings = {
				ALWAYS_EMBED_SWIFT_STANDARD_LIBRARIES = YES;
				BUNDLE_LOADER = "$(TEST_HOST)";
				CODE_SIGN_STYLE = Automatic;
				CURRENT_PROJECT_VERSION = 1;
				DEVELOPMENT_TEAM = W6NYRRRG5Q;
				GENERATE_INFOPLIST_FILE = YES;
				IPHONEOS_DEPLOYMENT_TARGET = 15.2;
				MARKETING_VERSION = 1.0;
				PRODUCT_BUNDLE_IDENTIFIER = com.dhikadityre.MyDotaTests;
				PRODUCT_NAME = "$(TARGET_NAME)";
				SWIFT_EMIT_LOC_STRINGS = NO;
				SWIFT_VERSION = 5.0;
				TARGETED_DEVICE_FAMILY = "1,2";
				TEST_HOST = "$(BUILT_PRODUCTS_DIR)/MyDota.app/MyDota";
			};
			name = Debug;
		};
		706519C2278824C300489194 /* Release */ = {
			isa = XCBuildConfiguration;
			buildSettings = {
				ALWAYS_EMBED_SWIFT_STANDARD_LIBRARIES = YES;
				BUNDLE_LOADER = "$(TEST_HOST)";
				CODE_SIGN_STYLE = Automatic;
				CURRENT_PROJECT_VERSION = 1;
				DEVELOPMENT_TEAM = W6NYRRRG5Q;
				GENERATE_INFOPLIST_FILE = YES;
				IPHONEOS_DEPLOYMENT_TARGET = 15.2;
				MARKETING_VERSION = 1.0;
				PRODUCT_BUNDLE_IDENTIFIER = com.dhikadityre.MyDotaTests;
				PRODUCT_NAME = "$(TARGET_NAME)";
				SWIFT_EMIT_LOC_STRINGS = NO;
				SWIFT_VERSION = 5.0;
				TARGETED_DEVICE_FAMILY = "1,2";
				TEST_HOST = "$(BUILT_PRODUCTS_DIR)/MyDota.app/MyDota";
			};
			name = Release;
		};
		706519C4278824C300489194 /* Debug */ = {
			isa = XCBuildConfiguration;
			buildSettings = {
				ALWAYS_EMBED_SWIFT_STANDARD_LIBRARIES = YES;
				CODE_SIGN_STYLE = Automatic;
				CURRENT_PROJECT_VERSION = 1;
				DEVELOPMENT_TEAM = W6NYRRRG5Q;
				GENERATE_INFOPLIST_FILE = YES;
				MARKETING_VERSION = 1.0;
				PRODUCT_BUNDLE_IDENTIFIER = com.dhikadityre.MyDotaUITests;
				PRODUCT_NAME = "$(TARGET_NAME)";
				SWIFT_EMIT_LOC_STRINGS = NO;
				SWIFT_VERSION = 5.0;
				TARGETED_DEVICE_FAMILY = "1,2";
				TEST_TARGET_NAME = MyDota;
			};
			name = Debug;
		};
		706519C5278824C300489194 /* Release */ = {
			isa = XCBuildConfiguration;
			buildSettings = {
				ALWAYS_EMBED_SWIFT_STANDARD_LIBRARIES = YES;
				CODE_SIGN_STYLE = Automatic;
				CURRENT_PROJECT_VERSION = 1;
				DEVELOPMENT_TEAM = W6NYRRRG5Q;
				GENERATE_INFOPLIST_FILE = YES;
				MARKETING_VERSION = 1.0;
				PRODUCT_BUNDLE_IDENTIFIER = com.dhikadityre.MyDotaUITests;
				PRODUCT_NAME = "$(TARGET_NAME)";
				SWIFT_EMIT_LOC_STRINGS = NO;
				SWIFT_VERSION = 5.0;
				TARGETED_DEVICE_FAMILY = "1,2";
				TEST_TARGET_NAME = MyDota;
			};
			name = Release;
		};
/* End XCBuildConfiguration section */

/* Begin XCConfigurationList section */
		7065198E278824C100489194 /* Build configuration list for PBXProject "MyDota" */ = {
			isa = XCConfigurationList;
			buildConfigurations = (
				706519BB278824C300489194 /* Debug */,
				706519BC278824C300489194 /* Release */,
			);
			defaultConfigurationIsVisible = 0;
			defaultConfigurationName = Release;
		};
		706519BD278824C300489194 /* Build configuration list for PBXNativeTarget "MyDota" */ = {
			isa = XCConfigurationList;
			buildConfigurations = (
				706519BE278824C300489194 /* Debug */,
				706519BF278824C300489194 /* Release */,
			);
			defaultConfigurationIsVisible = 0;
			defaultConfigurationName = Release;
		};
		706519C0278824C300489194 /* Build configuration list for PBXNativeTarget "MyDotaTests" */ = {
			isa = XCConfigurationList;
			buildConfigurations = (
				706519C1278824C300489194 /* Debug */,
				706519C2278824C300489194 /* Release */,
			);
			defaultConfigurationIsVisible = 0;
			defaultConfigurationName = Release;
		};
		706519C3278824C300489194 /* Build configuration list for PBXNativeTarget "MyDotaUITests" */ = {
			isa = XCConfigurationList;
			buildConfigurations = (
				706519C4278824C300489194 /* Debug */,
				706519C5278824C300489194 /* Release */,
			);
			defaultConfigurationIsVisible = 0;
			defaultConfigurationName = Release;
		};
/* End XCConfigurationList section */

/* Begin XCVersionGroup section */
		70F96D6E278D9EC100AB836E /* MyDota.xcdatamodeld */ = {
			isa = XCVersionGroup;
			children = (
				70F96D6F278D9EC100AB836E /* MyDota.xcdatamodel */,
			);
			currentVersion = 70F96D6F278D9EC100AB836E /* MyDota.xcdatamodel */;
			path = MyDota.xcdatamodeld;
			sourceTree = "<group>";
			versionGroupType = wrapper.xcdatamodel;
		};
/* End XCVersionGroup section */
	};
	rootObject = 7065198B278824C100489194 /* Project object */;
}
